# This file is autogenerated, do not edit; changes may be undone by the next 'dep ensure'.


[[projects]]
  name = "github.com/frictionlessdata/datapackage-go"
  packages = ["clone","datapackage","validator","validator/profile_cache"]
  revision = "a6b1f88b8e45c9750e3286308af989069f195019"
  version = "0.4"

[[projects]]
  name = "github.com/frictionlessdata/tableschema-go"
  packages = ["csv","schema","table"]
  revision = "de3a51f8487b68142a2826f6ffe521222a342273"
  version = "1.1"

[[projects]]
  name = "github.com/santhosh-tekuri/jsonschema"
  packages = [".","decoders","formats","httploader","loader","mediatypes"]
  revision = "6a34e007e145d53a25de1a02c27338653548cec5"
  version = "v1.2.0"

[[projects]]
  name = "github.com/satori/go.uuid"
  packages = ["."]
  revision = "f58768cc1a7a7e77a3bd49e98cdd21419399b6a3"
  version = "v1.2.0"

[solve-meta]
  analyzer-name = "dep"
  analyzer-version = 1
  inputs-digest = "f5394456f426bc2bcdb9cdf3e1c08bb6cbdc2defca29ca62ac28e64de0ae5cb1"
  solver-name = "gps-cdcl"
  solver-version = 1
